
Microsoft Visual Studio Solution File, Format Version 12.00
# Visual Studio 15
Project("{FAE04EC0-301F-11D3-BF4B-00C04F79EFBC}") = "Assembly-CSharp", "Assembly-CSharp.csproj", "{0C4ECAF4-6A33-4084-F5FD-1460FFD46682}"
EndProject
Project("{FAE04EC0-301F-11D3-BF4B-00C04F79EFBC}") = "Assembly-CSharp-Editor", "Assembly-CSharp-Editor.csproj", "{526617E4-B899-7208-0903-EF703B4EF09D}"
EndProject
Project("{FAE04EC0-301F-11D3-BF4B-00C04F79EFBC}") = "UnityEngine.TestRunner.Player", "UnityEngine.TestRunner.Player.csproj", "{1A07A8E2-5EDE-E4EF-802A-AD0DA0AE7FDC}"
EndProject
Project("{FAE04EC0-301F-11D3-BF4B-00C04F79EFBC}") = "VuforiaScripts.Player", "VuforiaScripts.Player.csproj", "{8554B57E-2AB8-7ADB-3821-258981DFA75C}"
EndProject
Project("{FAE04EC0-301F-11D3-BF4B-00C04F79EFBC}") = "Unity.TextMeshPro.Player", "Unity.TextMeshPro.Player.csproj", "{DE5EA8CF-715D-130B-0A26-E89E6298350F}"
EndProject
Project("{FAE04EC0-301F-11D3-BF4B-00C04F79EFBC}") = "Unity.Recorder.Player", "Unity.Recorder.Player.csproj", "{6F951D4D-8EF8-7B88-A7F5-05EC04CA0BEE}"
EndProject
Project("{FAE04EC0-301F-11D3-BF4B-00C04F79EFBC}") = "Assembly-CSharp.Player", "Assembly-CSharp.Player.csproj", "{9518F79F-9CB2-8AE7-B32A-EB5886DD74D6}"
EndProject
Project("{FAE04EC0-301F-11D3-BF4B-00C04F79EFBC}") = "Unity.XR.WindowsMR.Player", "Unity.XR.WindowsMR.Player.csproj", "{88B66489-5B0F-DA11-C2AE-37F36AB693B9}"
EndProject
Global
	GlobalSection(SolutionConfigurationPlatforms) = preSolution
		Debug|Any CPU = Debug|Any CPU
		Release|Any CPU = Release|Any CPU
	EndGlobalSection
	GlobalSection(ProjectConfigurationPlatforms) = postSolution
		{0C4ECAF4-6A33-4084-F5FD-1460FFD46682}.Debug|Any CPU.ActiveCfg = Debug|Any CPU
		{0C4ECAF4-6A33-4084-F5FD-1460FFD46682}.Debug|Any CPU.Build.0 = Debug|Any CPU
		{0C4ECAF4-6A33-4084-F5FD-1460FFD46682}.Release|Any CPU.ActiveCfg = Release|Any CPU
		{0C4ECAF4-6A33-4084-F5FD-1460FFD46682}.Release|Any CPU.Build.0 = Release|Any CPU
		{526617E4-B899-7208-0903-EF703B4EF09D}.Debug|Any CPU.ActiveCfg = Debug|Any CPU
		{526617E4-B899-7208-0903-EF703B4EF09D}.Debug|Any CPU.Build.0 = Debug|Any CPU
		{526617E4-B899-7208-0903-EF703B4EF09D}.Release|Any CPU.ActiveCfg = Release|Any CPU
		{526617E4-B899-7208-0903-EF703B4EF09D}.Release|Any CPU.Build.0 = Release|Any CPU
		{1A07A8E2-5EDE-E4EF-802A-AD0DA0AE7FDC}.Debug|Any CPU.ActiveCfg = Debug|Any CPU
		{1A07A8E2-5EDE-E4EF-802A-AD0DA0AE7FDC}.Debug|Any CPU.Build.0 = Debug|Any CPU
		{1A07A8E2-5EDE-E4EF-802A-AD0DA0AE7FDC}.Release|Any CPU.ActiveCfg = Release|Any CPU
		{1A07A8E2-5EDE-E4EF-802A-AD0DA0AE7FDC}.Release|Any CPU.Build.0 = Release|Any CPU
		{8554B57E-2AB8-7ADB-3821-258981DFA75C}.Debug|Any CPU.ActiveCfg = Debug|Any CPU
		{8554B57E-2AB8-7ADB-3821-258981DFA75C}.Debug|Any CPU.Build.0 = Debug|Any CPU
		{8554B57E-2AB8-7ADB-3821-258981DFA75C}.Release|Any CPU.ActiveCfg = Release|Any CPU
		{8554B57E-2AB8-7ADB-3821-258981DFA75C}.Release|Any CPU.Build.0 = Release|Any CPU
		{DE5EA8CF-715D-130B-0A26-E89E6298350F}.Debug|Any CPU.ActiveCfg = Debug|Any CPU
		{DE5EA8CF-715D-130B-0A26-E89E6298350F}.Debug|Any CPU.Build.0 = Debug|Any CPU
		{DE5EA8CF-715D-130B-0A26-E89E6298350F}.Release|Any CPU.ActiveCfg = Release|Any CPU
		{DE5EA8CF-715D-130B-0A26-E89E6298350F}.Release|Any CPU.Build.0 = Release|Any CPU
		{6F951D4D-8EF8-7B88-A7F5-05EC04CA0BEE}.Debug|Any CPU.ActiveCfg = Debug|Any CPU
		{6F951D4D-8EF8-7B88-A7F5-05EC04CA0BEE}.Debug|Any CPU.Build.0 = Debug|Any CPU
		{6F951D4D-8EF8-7B88-A7F5-05EC04CA0BEE}.Release|Any CPU.ActiveCfg = Release|Any CPU
		{6F951D4D-8EF8-7B88-A7F5-05EC04CA0BEE}.Release|Any CPU.Build.0 = Release|Any CPU
		{9518F79F-9CB2-8AE7-B32A-EB5886DD74D6}.Debug|Any CPU.ActiveCfg = Debug|Any CPU
		{9518F79F-9CB2-8AE7-B32A-EB5886DD74D6}.Debug|Any CPU.Build.0 = Debug|Any CPU
		{9518F79F-9CB2-8AE7-B32A-EB5886DD74D6}.Release|Any CPU.ActiveCfg = Release|Any CPU
		{9518F79F-9CB2-8AE7-B32A-EB5886DD74D6}.Release|Any CPU.Build.0 = Release|Any CPU
		{88B66489-5B0F-DA11-C2AE-37F36AB693B9}.Debug|Any CPU.ActiveCfg = Debug|Any CPU
		{88B66489-5B0F-DA11-C2AE-37F36AB693B9}.Debug|Any CPU.Build.0 = Debug|Any CPU
		{88B66489-5B0F-DA11-C2AE-37F36AB693B9}.Release|Any CPU.ActiveCfg = Release|Any CPU
		{88B66489-5B0F-DA11-C2AE-37F36AB693B9}.Release|Any CPU.Build.0 = Release|Any CPU
	EndGlobalSection
	GlobalSection(SolutionProperties) = preSolution
		HideSolutionNode = FALSE
	EndGlobalSection
EndGlobal
